// !$*UTF8*$!
{
	archiveVersion = 1;
	classes = {
	};
	objectVersion = 50;
	objects = {

/* Begin PBXBuildFile section */
		1419580F2352786100C50F8E /* testViewController.swift in Sources */ = {isa = PBXBuildFile; fileRef = 1419580E2352786100C50F8E /* testViewController.swift */; };
		14209E0C23522FE200364EA7 /* AppDelegate.swift in Sources */ = {isa = PBXBuildFile; fileRef = 14209E0B23522FE200364EA7 /* AppDelegate.swift */; };
		14209E0E23522FE200364EA7 /* ViewController.swift in Sources */ = {isa = PBXBuildFile; fileRef = 14209E0D23522FE200364EA7 /* ViewController.swift */; };
		14209E1123522FE200364EA7 /* Main.storyboard in Resources */ = {isa = PBXBuildFile; fileRef = 14209E0F23522FE200364EA7 /* Main.storyboard */; };
		14209E1323522FE700364EA7 /* Assets.xcassets in Resources */ = {isa = PBXBuildFile; fileRef = 14209E1223522FE700364EA7 /* Assets.xcassets */; };
		14209E1623522FE700364EA7 /* LaunchScreen.storyboard in Resources */ = {isa = PBXBuildFile; fileRef = 14209E1423522FE700364EA7 /* LaunchScreen.storyboard */; };
		14209E2123522FE700364EA7 /* LibPass_2_0Tests.swift in Sources */ = {isa = PBXBuildFile; fileRef = 14209E2023522FE700364EA7 /* LibPass_2_0Tests.swift */; };
		14209E2C23522FE700364EA7 /* LibPass_2_0UITests.swift in Sources */ = {isa = PBXBuildFile; fileRef = 14209E2B23522FE700364EA7 /* LibPass_2_0UITests.swift */; };
		14209E3A235230D400364EA7 /* ScanViewController.swift in Sources */ = {isa = PBXBuildFile; fileRef = 14209E39235230D400364EA7 /* ScanViewController.swift */; };
		14209E3C235230DB00364EA7 /* AddViewController.swift in Sources */ = {isa = PBXBuildFile; fileRef = 14209E3B235230DB00364EA7 /* AddViewController.swift */; };
		14209E3F235230ED00364EA7 /* CustomTableViewCell.swift in Sources */ = {isa = PBXBuildFile; fileRef = 14209E3D235230ED00364EA7 /* CustomTableViewCell.swift */; };
		14209E40235230ED00364EA7 /* CustomTableViewCell.xib in Resources */ = {isa = PBXBuildFile; fileRef = 14209E3E235230ED00364EA7 /* CustomTableViewCell.xib */; };
		25F0F1B83F9F6335D691C966 /* Pods_LibPass_2_0.framework in Frameworks */ = {isa = PBXBuildFile; fileRef = F0700A65FA4111B06051231B /* Pods_LibPass_2_0.framework */; };
		58601705D992B318297FC8EA /* Pods_LibPass_2_0Tests.framework in Frameworks */ = {isa = PBXBuildFile; fileRef = 913E227CD98EA4E45259FFD1 /* Pods_LibPass_2_0Tests.framework */; };
		63086F373A2783B4DBFD5A41 /* Pods_LibPass_2_0UITests.framework in Frameworks */ = {isa = PBXBuildFile; fileRef = A122CEDB77786124C34539AF /* Pods_LibPass_2_0UITests.framework */; };
/* End PBXBuildFile section */

/* Begin PBXContainerItemProxy section */
		14209E1D23522FE700364EA7 /* PBXContainerItemProxy */ = {
			isa = PBXContainerItemProxy;
			containerPortal = 14209E0023522FE200364EA7 /* Project object */;
			proxyType = 1;
			remoteGlobalIDString = 14209E0723522FE200364EA7;
			remoteInfo = LibPass_2.0;
		};
		14209E2823522FE700364EA7 /* PBXContainerItemProxy */ = {
			isa = PBXContainerItemProxy;
			containerPortal = 14209E0023522FE200364EA7 /* Project object */;
			proxyType = 1;
			remoteGlobalIDString = 14209E0723522FE200364EA7;
			remoteInfo = LibPass_2.0;
		};
/* End PBXContainerItemProxy section */

/* Begin PBXFileReference section */
		1419580E2352786100C50F8E /* testViewController.swift */ = {isa = PBXFileReference; lastKnownFileType = sourcecode.swift; path = testViewController.swift; sourceTree = "<group>"; };
		14209E0823522FE200364EA7 /* LibPass_2.0.app */ = {isa = PBXFileReference; explicitFileType = wrapper.application; includeInIndex = 0; path = LibPass_2.0.app; sourceTree = BUILT_PRODUCTS_DIR; };
		14209E0B23522FE200364EA7 /* AppDelegate.swift */ = {isa = PBXFileReference; lastKnownFileType = sourcecode.swift; path = AppDelegate.swift; sourceTree = "<group>"; };
		14209E0D23522FE200364EA7 /* ViewController.swift */ = {isa = PBXFileReference; lastKnownFileType = sourcecode.swift; path = ViewController.swift; sourceTree = "<group>"; };
		14209E1023522FE200364EA7 /* Base */ = {isa = PBXFileReference; lastKnownFileType = file.storyboard; name = Base; path = Base.lproj/Main.storyboard; sourceTree = "<group>"; };
		14209E1223522FE700364EA7 /* Assets.xcassets */ = {isa = PBXFileReference; lastKnownFileType = folder.assetcatalog; path = Assets.xcassets; sourceTree = "<group>"; };
		14209E1523522FE700364EA7 /* Base */ = {isa = PBXFileReference; lastKnownFileType = file.storyboard; name = Base; path = Base.lproj/LaunchScreen.storyboard; sourceTree = "<group>"; };
		14209E1723522FE700364EA7 /* Info.plist */ = {isa = PBXFileReference; lastKnownFileType = text.plist.xml; path = Info.plist; sourceTree = "<group>"; };
		14209E1C23522FE700364EA7 /* LibPass_2.0Tests.xctest */ = {isa = PBXFileReference; explicitFileType = wrapper.cfbundle; includeInIndex = 0; path = LibPass_2.0Tests.xctest; sourceTree = BUILT_PRODUCTS_DIR; };
		14209E2023522FE700364EA7 /* LibPass_2_0Tests.swift */ = {isa = PBXFileReference; lastKnownFileType = sourcecode.swift; path = LibPass_2_0Tests.swift; sourceTree = "<group>"; };
		14209E2223522FE700364EA7 /* Info.plist */ = {isa = PBXFileReference; lastKnownFileType = text.plist.xml; path = Info.plist; sourceTree = "<group>"; };
		14209E2723522FE700364EA7 /* LibPass_2.0UITests.xctest */ = {isa = PBXFileReference; explicitFileType = wrapper.cfbundle; includeInIndex = 0; path = LibPass_2.0UITests.xctest; sourceTree = BUILT_PRODUCTS_DIR; };
		14209E2B23522FE700364EA7 /* LibPass_2_0UITests.swift */ = {isa = PBXFileReference; lastKnownFileType = sourcecode.swift; path = LibPass_2_0UITests.swift; sourceTree = "<group>"; };
		14209E2D23522FE700364EA7 /* Info.plist */ = {isa = PBXFileReference; lastKnownFileType = text.plist.xml; path = Info.plist; sourceTree = "<group>"; };
		14209E39235230D400364EA7 /* ScanViewController.swift */ = {isa = PBXFileReference; lastKnownFileType = sourcecode.swift; path = ScanViewController.swift; sourceTree = "<group>"; };
		14209E3B235230DB00364EA7 /* AddViewController.swift */ = {isa = PBXFileReference; lastKnownFileType = sourcecode.swift; path = AddViewController.swift; sourceTree = "<group>"; };
		14209E3D235230ED00364EA7 /* CustomTableViewCell.swift */ = {isa = PBXFileReference; lastKnownFileType = sourcecode.swift; path = CustomTableViewCell.swift; sourceTree = "<group>"; };
		14209E3E235230ED00364EA7 /* CustomTableViewCell.xib */ = {isa = PBXFileReference; lastKnownFileType = file.xib; path = CustomTableViewCell.xib; sourceTree = "<group>"; };
		184B7F886F26B8EDA5B4F753 /* Pods-LibPass_2.0.release.xcconfig */ = {isa = PBXFileReference; includeInIndex = 1; lastKnownFileType = text.xcconfig; name = "Pods-LibPass_2.0.release.xcconfig"; path = "Pods/Target Support Files/Pods-LibPass_2.0/Pods-LibPass_2.0.release.xcconfig"; sourceTree = "<group>"; };
		1E416D8A6F03D1837DA465B5 /* Pods-LibPass_2.0.debug.xcconfig */ = {isa = PBXFileReference; includeInIndex = 1; lastKnownFileType = text.xcconfig; name = "Pods-LibPass_2.0.debug.xcconfig"; path = "Pods/Target Support Files/Pods-LibPass_2.0/Pods-LibPass_2.0.debug.xcconfig"; sourceTree = "<group>"; };
		69FA738167FCE10450F97C07 /* Pods-LibPass_2.0Tests.debug.xcconfig */ = {isa = PBXFileReference; includeInIndex = 1; lastKnownFileType = text.xcconfig; name = "Pods-LibPass_2.0Tests.debug.xcconfig"; path = "Pods/Target Support Files/Pods-LibPass_2.0Tests/Pods-LibPass_2.0Tests.debug.xcconfig"; sourceTree = "<group>"; };
		6C4115B4C484518F854F8EAE /* Pods-LibPass_2.0UITests.debug.xcconfig */ = {isa = PBXFileReference; includeInIndex = 1; lastKnownFileType = text.xcconfig; name = "Pods-LibPass_2.0UITests.debug.xcconfig"; path = "Pods/Target Support Files/Pods-LibPass_2.0UITests/Pods-LibPass_2.0UITests.debug.xcconfig"; sourceTree = "<group>"; };
		913E227CD98EA4E45259FFD1 /* Pods_LibPass_2_0Tests.framework */ = {isa = PBXFileReference; explicitFileType = wrapper.framework; includeInIndex = 0; path = Pods_LibPass_2_0Tests.framework; sourceTree = BUILT_PRODUCTS_DIR; };
		A122CEDB77786124C34539AF /* Pods_LibPass_2_0UITests.framework */ = {isa = PBXFileReference; explicitFileType = wrapper.framework; includeInIndex = 0; path = Pods_LibPass_2_0UITests.framework; sourceTree = BUILT_PRODUCTS_DIR; };
		CEC7DA87748C2050D2979DD1 /* Pods-LibPass_2.0Tests.release.xcconfig */ = {isa = PBXFileReference; includeInIndex = 1; lastKnownFileType = text.xcconfig; name = "Pods-LibPass_2.0Tests.release.xcconfig"; path = "Pods/Target Support Files/Pods-LibPass_2.0Tests/Pods-LibPass_2.0Tests.release.xcconfig"; sourceTree = "<group>"; };
		E84A0F9C6C9D2EFC5988A0E7 /* Pods-LibPass_2.0UITests.release.xcconfig */ = {isa = PBXFileReference; includeInIndex = 1; lastKnownFileType = text.xcconfig; name = "Pods-LibPass_2.0UITests.release.xcconfig"; path = "Pods/Target Support Files/Pods-LibPass_2.0UITests/Pods-LibPass_2.0UITests.release.xcconfig"; sourceTree = "<group>"; };
		F0700A65FA4111B06051231B /* Pods_LibPass_2_0.framework */ = {isa = PBXFileReference; explicitFileType = wrapper.framework; includeInIndex = 0; path = Pods_LibPass_2_0.framework; sourceTree = BUILT_PRODUCTS_DIR; };
/* End PBXFileReference section */

/* Begin PBXFrameworksBuildPhase section */
		14209E0523522FE200364EA7 /* Frameworks */ = {
			isa = PBXFrameworksBuildPhase;
			buildActionMask = 2147483647;
			files = (
				25F0F1B83F9F6335D691C966 /* Pods_LibPass_2_0.framework in Frameworks */,
			);
			runOnlyForDeploymentPostprocessing = 0;
		};
		14209E1923522FE700364EA7 /* Frameworks */ = {
			isa = PBXFrameworksBuildPhase;
			buildActionMask = 2147483647;
			files = (
				58601705D992B318297FC8EA /* Pods_LibPass_2_0Tests.framework in Frameworks */,
			);
			runOnlyForDeploymentPostprocessing = 0;
		};
		14209E2423522FE700364EA7 /* Frameworks */ = {
			isa = PBXFrameworksBuildPhase;
			buildActionMask = 2147483647;
			files = (
				63086F373A2783B4DBFD5A41 /* Pods_LibPass_2_0UITests.framework in Frameworks */,
			);
			runOnlyForDeploymentPostprocessing = 0;
		};
/* End PBXFrameworksBuildPhase section */

/* Begin PBXGroup section */
		02087D6AFBD57026EE531F5F /* Frameworks */ = {
			isa = PBXGroup;
			children = (
				F0700A65FA4111B06051231B /* Pods_LibPass_2_0.framework */,
				913E227CD98EA4E45259FFD1 /* Pods_LibPass_2_0Tests.framework */,
				A122CEDB77786124C34539AF /* Pods_LibPass_2_0UITests.framework */,
			);
			name = Frameworks;
			sourceTree = "<group>";
		};
		14209DFF23522FE200364EA7 = {
			isa = PBXGroup;
			children = (
				14209E0A23522FE200364EA7 /* LibPass_2.0 */,
				14209E1F23522FE700364EA7 /* LibPass_2.0Tests */,
				14209E2A23522FE700364EA7 /* LibPass_2.0UITests */,
				14209E0923522FE200364EA7 /* Products */,
				2D9E624C552E5F31CD51DE76 /* Pods */,
				02087D6AFBD57026EE531F5F /* Frameworks */,
			);
			sourceTree = "<group>";
		};
		14209E0923522FE200364EA7 /* Products */ = {
			isa = PBXGroup;
			children = (
				14209E0823522FE200364EA7 /* LibPass_2.0.app */,
				14209E1C23522FE700364EA7 /* LibPass_2.0Tests.xctest */,
				14209E2723522FE700364EA7 /* LibPass_2.0UITests.xctest */,
			);
			name = Products;
			sourceTree = "<group>";
		};
		14209E0A23522FE200364EA7 /* LibPass_2.0 */ = {
			isa = PBXGroup;
			children = (
				14209E0B23522FE200364EA7 /* AppDelegate.swift */,
				14209E0D23522FE200364EA7 /* ViewController.swift */,
				14209E39235230D400364EA7 /* ScanViewController.swift */,
				14209E3B235230DB00364EA7 /* AddViewController.swift */,
				14209E0F23522FE200364EA7 /* Main.storyboard */,
				1419580E2352786100C50F8E /* testViewController.swift */,
				14209E1223522FE700364EA7 /* Assets.xcassets */,
				14209E1423522FE700364EA7 /* LaunchScreen.storyboard */,
				14209E1723522FE700364EA7 /* Info.plist */,
				14209E3D235230ED00364EA7 /* CustomTableViewCell.swift */,
				14209E3E235230ED00364EA7 /* CustomTableViewCell.xib */,
			);
			path = LibPass_2.0;
			sourceTree = "<group>";
		};
		14209E1F23522FE700364EA7 /* LibPass_2.0Tests */ = {
			isa = PBXGroup;
			children = (
				14209E2023522FE700364EA7 /* LibPass_2_0Tests.swift */,
				14209E2223522FE700364EA7 /* Info.plist */,
			);
			path = LibPass_2.0Tests;
			sourceTree = "<group>";
		};
		14209E2A23522FE700364EA7 /* LibPass_2.0UITests */ = {
			isa = PBXGroup;
			children = (
				14209E2B23522FE700364EA7 /* LibPass_2_0UITests.swift */,
				14209E2D23522FE700364EA7 /* Info.plist */,
			);
			path = LibPass_2.0UITests;
			sourceTree = "<group>";
		};
		2D9E624C552E5F31CD51DE76 /* Pods */ = {
			isa = PBXGroup;
			children = (
				1E416D8A6F03D1837DA465B5 /* Pods-LibPass_2.0.debug.xcconfig */,
				184B7F886F26B8EDA5B4F753 /* Pods-LibPass_2.0.release.xcconfig */,
				69FA738167FCE10450F97C07 /* Pods-LibPass_2.0Tests.debug.xcconfig */,
				CEC7DA87748C2050D2979DD1 /* Pods-LibPass_2.0Tests.release.xcconfig */,
				6C4115B4C484518F854F8EAE /* Pods-LibPass_2.0UITests.debug.xcconfig */,
				E84A0F9C6C9D2EFC5988A0E7 /* Pods-LibPass_2.0UITests.release.xcconfig */,
			);
			name = Pods;
			sourceTree = "<group>";
		};
/* End PBXGroup section */

/* Begin PBXNativeTarget section */
		14209E0723522FE200364EA7 /* LibPass_2.0 */ = {
			isa = PBXNativeTarget;
			buildConfigurationList = 14209E3023522FE700364EA7 /* Build configuration list for PBXNativeTarget "LibPass_2.0" */;
			buildPhases = (
				04577F2CB7AA663E5FACF7B0 /* [CP] Check Pods Manifest.lock */,
				14209E0423522FE200364EA7 /* Sources */,
				14209E0523522FE200364EA7 /* Frameworks */,
				14209E0623522FE200364EA7 /* Resources */,
				436C2C0FE25E46B442801637 /* [CP] Embed Pods Frameworks */,
			);
			buildRules = (
			);
			dependencies = (
			);
			name = LibPass_2.0;
			productName = LibPass_2.0;
			productReference = 14209E0823522FE200364EA7 /* LibPass_2.0.app */;
			productType = "com.apple.product-type.application";
		};
		14209E1B23522FE700364EA7 /* LibPass_2.0Tests */ = {
			isa = PBXNativeTarget;
			buildConfigurationList = 14209E3323522FE700364EA7 /* Build configuration list for PBXNativeTarget "LibPass_2.0Tests" */;
			buildPhases = (
				00DA03856B86EEE373AF29D4 /* [CP] Check Pods Manifest.lock */,
				14209E1823522FE700364EA7 /* Sources */,
				14209E1923522FE700364EA7 /* Frameworks */,
				14209E1A23522FE700364EA7 /* Resources */,
			);
			buildRules = (
			);
			dependencies = (
				14209E1E23522FE700364EA7 /* PBXTargetDependency */,
			);
			name = LibPass_2.0Tests;
			productName = LibPass_2.0Tests;
			productReference = 14209E1C23522FE700364EA7 /* LibPass_2.0Tests.xctest */;
			productType = "com.apple.product-type.bundle.unit-test";
		};
		14209E2623522FE700364EA7 /* LibPass_2.0UITests */ = {
			isa = PBXNativeTarget;
			buildConfigurationList = 14209E3623522FE700364EA7 /* Build configuration list for PBXNativeTarget "LibPass_2.0UITests" */;
			buildPhases = (
				57362F52056AAB82371316CB /* [CP] Check Pods Manifest.lock */,
				14209E2323522FE700364EA7 /* Sources */,
				14209E2423522FE700364EA7 /* Frameworks */,
				14209E2523522FE700364EA7 /* Resources */,
			);
			buildRules = (
			);
			dependencies = (
				14209E2923522FE700364EA7 /* PBXTargetDependency */,
			);
			name = LibPass_2.0UITests;
			productName = LibPass_2.0UITests;
			productReference = 14209E2723522FE700364EA7 /* LibPass_2.0UITests.xctest */;
			productType = "com.apple.product-type.bundle.ui-testing";
		};
/* End PBXNativeTarget section */

/* Begin PBXProject section */
		14209E0023522FE200364EA7 /* Project object */ = {
			isa = PBXProject;
			attributes = {
				LastSwiftUpdateCheck = 1030;
				LastUpgradeCheck = 1030;
				ORGANIZATIONNAME = jp.Antony;
				TargetAttributes = {
					14209E0723522FE200364EA7 = {
						CreatedOnToolsVersion = 10.3;
					};
					14209E1B23522FE700364EA7 = {
						CreatedOnToolsVersion = 10.3;
						TestTargetID = 14209E0723522FE200364EA7;
					};
					14209E2623522FE700364EA7 = {
						CreatedOnToolsVersion = 10.3;
						TestTargetID = 14209E0723522FE200364EA7;
					};
				};
			};
			buildConfigurationList = 14209E0323522FE200364EA7 /* Build configuration list for PBXProject "LibPass_2.0" */;
			compatibilityVersion = "Xcode 9.3";
			developmentRegion = en;
			hasScannedForEncodings = 0;
			knownRegions = (
				en,
				Base,
			);
			mainGroup = 14209DFF23522FE200364EA7;
			productRefGroup = 14209E0923522FE200364EA7 /* Products */;
			projectDirPath = "";
			projectRoot = "";
			targets = (
				14209E0723522FE200364EA7 /* LibPass_2.0 */,
				14209E1B23522FE700364EA7 /* LibPass_2.0Tests */,
				14209E2623522FE700364EA7 /* LibPass_2.0UITests */,
			);
		};
/* End PBXProject section */

/* Begin PBXResourcesBuildPhase section */
		14209E0623522FE200364EA7 /* Resources */ = {
			isa = PBXResourcesBuildPhase;
			buildActionMask = 2147483647;
			files = (
				14209E1623522FE700364EA7 /* LaunchScreen.storyboard in Resources */,
				14209E1323522FE700364EA7 /* Assets.xcassets in Resources */,
				14209E40235230ED00364EA7 /* CustomTableViewCell.xib in Resources */,
				14209E1123522FE200364EA7 /* Main.storyboard in Resources */,
			);
			runOnlyForDeploymentPostprocessing = 0;
		};
		14209E1A23522FE700364EA7 /* Resources */ = {
			isa = PBXResourcesBuildPhase;
			buildActionMask = 2147483647;
			files = (
			);
			runOnlyForDeploymentPostprocessing = 0;
		};
		14209E2523522FE700364EA7 /* Resources */ = {
			isa = PBXResourcesBuildPhase;
			buildActionMask = 2147483647;
			files = (
			);
			runOnlyForDeploymentPostprocessing = 0;
		};
/* End PBXResourcesBuildPhase section */

/* Begin PBXShellScriptBuildPhase section */
		00DA03856B86EEE373AF29D4 /* [CP] Check Pods Manifest.lock */ = {
			isa = PBXShellScriptBuildPhase;
			buildActionMask = 2147483647;
			files = (
			);
			inputFileListPaths = (
			);
			inputPaths = (
				"${PODS_PODFILE_DIR_PATH}/Podfile.lock",
				"${PODS_ROOT}/Manifest.lock",
			);
			name = "[CP] Check Pods Manifest.lock";
			outputFileListPaths = (
			);
			outputPaths = (
				"$(DERIVED_FILE_DIR)/Pods-LibPass_2.0Tests-checkManifestLockResult.txt",
			);
			runOnlyForDeploymentPostprocessing = 0;
			shellPath = /bin/sh;
			shellScript = "diff \"${PODS_PODFILE_DIR_PATH}/Podfile.lock\" \"${PODS_ROOT}/Manifest.lock\" > /dev/null\nif [ $? != 0 ] ; then\n    # print error to STDERR\n    echo \"error: The sandbox is not in sync with the Podfile.lock. Run 'pod install' or update your CocoaPods installation.\" >&2\n    exit 1\nfi\n# This output is used by Xcode 'outputs' to avoid re-running this script phase.\necho \"SUCCESS\" > \"${SCRIPT_OUTPUT_FILE_0}\"\n";
			showEnvVarsInLog = 0;
		};
		04577F2CB7AA663E5FACF7B0 /* [CP] Check Pods Manifest.lock */ = {
			isa = PBXShellScriptBuildPhase;
			buildActionMask = 2147483647;
			files = (
			);
			inputFileListPaths = (
			);
			inputPaths = (
				"${PODS_PODFILE_DIR_PATH}/Podfile.lock",
				"${PODS_ROOT}/Manifest.lock",
			);
			name = "[CP] Check Pods Manifest.lock";
			outputFileListPaths = (
			);
			outputPaths = (
				"$(DERIVED_FILE_DIR)/Pods-LibPass_2.0-checkManifestLockResult.txt",
			);
			runOnlyForDeploymentPostprocessing = 0;
			shellPath = /bin/sh;
			shellScript = "diff \"${PODS_PODFILE_DIR_PATH}/Podfile.lock\" \"${PODS_ROOT}/Manifest.lock\" > /dev/null\nif [ $? != 0 ] ; then\n    # print error to STDERR\n    echo \"error: The sandbox is not in sync with the Podfile.lock. Run 'pod install' or update your CocoaPods installation.\" >&2\n    exit 1\nfi\n# This output is used by Xcode 'outputs' to avoid re-running this script phase.\necho \"SUCCESS\" > \"${SCRIPT_OUTPUT_FILE_0}\"\n";
			showEnvVarsInLog = 0;
		};
		436C2C0FE25E46B442801637 /* [CP] Embed Pods Frameworks */ = {
			isa = PBXShellScriptBuildPhase;
			buildActionMask = 2147483647;
			files = (
			);
			inputFileListPaths = (
			);
			inputPaths = (
				"${SRCROOT}/Pods/Target Support Files/Pods-LibPass_2.0/Pods-LibPass_2.0-frameworks.sh",
				"${BUILT_PRODUCTS_DIR}/Alamofire/Alamofire.framework",
				"${BUILT_PRODUCTS_DIR}/SwiftyJSON/SwiftyJSON.framework",
			);
			name = "[CP] Embed Pods Frameworks";
			outputFileListPaths = (
			);
			outputPaths = (
				"${TARGET_BUILD_DIR}/${FRAMEWORKS_FOLDER_PATH}/Alamofire.framework",
				"${TARGET_BUILD_DIR}/${FRAMEWORKS_FOLDER_PATH}/SwiftyJSON.framework",
			);
			runOnlyForDeploymentPostprocessing = 0;
			shellPath = /bin/sh;
			shellScript = "\"${SRCROOT}/Pods/Target Support Files/Pods-LibPass_2.0/Pods-LibPass_2.0-frameworks.sh\"\n";
			showEnvVarsInLog = 0;
		};
		57362F52056AAB82371316CB /* [CP] Check Pods Manifest.lock */ = {
			isa = PBXShellScriptBuildPhase;
			buildActionMask = 2147483647;
			files = (
			);
			inputFileListPaths = (
			);
			inputPaths = (
				"${PODS_PODFILE_DIR_PATH}/Podfile.lock",
				"${PODS_ROOT}/Manifest.lock",
			);
			name = "[CP] Check Pods Manifest.lock";
			outputFileListPaths = (
			);
			outputPaths = (
				"$(DERIVED_FILE_DIR)/Pods-LibPass_2.0UITests-checkManifestLockResult.txt",
			);
			runOnlyForDeploymentPostprocessing = 0;
			shellPath = /bin/sh;
			shellScript = "diff \"${PODS_PODFILE_DIR_PATH}/Podfile.lock\" \"${PODS_ROOT}/Manifest.lock\" > /dev/null\nif [ $? != 0 ] ; then\n    # print error to STDERR\n    echo \"error: The sandbox is not in sync with the Podfile.lock. Run 'pod install' or update your CocoaPods installation.\" >&2\n    exit 1\nfi\n# This output is used by Xcode 'outputs' to avoid re-running this script phase.\necho \"SUCCESS\" > \"${SCRIPT_OUTPUT_FILE_0}\"\n";
			showEnvVarsInLog = 0;
		};
/* End PBXShellScriptBuildPhase section */

/* Begin PBXSourcesBuildPhase section */
		14209E0423522FE200364EA7 /* Sources */ = {
			isa = PBXSourcesBuildPhase;
			buildActionMask = 2147483647;
			files = (
				1419580F2352786100C50F8E /* testViewController.swift in Sources */,
				14209E0E23522FE200364EA7 /* ViewController.swift in Sources */,
				14209E3F235230ED00364EA7 /* CustomTableViewCell.swift in Sources */,
				14209E0C23522FE200364EA7 /* AppDelegate.swift in Sources */,
				14209E3C235230DB00364EA7 /* AddViewController.swift in Sources */,
				14209E3A235230D400364EA7 /* ScanViewController.swift in Sources */,
			);
			runOnlyForDeploymentPostprocessing = 0;
		};
		14209E1823522FE700364EA7 /* Sources */ = {
			isa = PBXSourcesBuildPhase;
			buildActionMask = 2147483647;
			files = (
				14209E2123522FE700364EA7 /* LibPass_2_0Tests.swift in Sources */,
			);
			runOnlyForDeploymentPostprocessing = 0;
		};
		14209E2323522FE700364EA7 /* Sources */ = {
			isa = PBXSourcesBuildPhase;
			buildActionMask = 2147483647;
			files = (
				14209E2C23522FE700364EA7 /* LibPass_2_0UITests.swift in Sources */,
			);
			runOnlyForDeploymentPostprocessing = 0;
		};
/* End PBXSourcesBuildPhase section */

/* Begin PBXTargetDependency section */
		14209E1E23522FE700364EA7 /* PBXTargetDependency */ = {
			isa = PBXTargetDependency;
			target = 14209E0723522FE200364EA7 /* LibPass_2.0 */;
			targetProxy = 14209E1D23522FE700364EA7 /* PBXContainerItemProxy */;
		};
		14209E2923522FE700364EA7 /* PBXTargetDependency */ = {
			isa = PBXTargetDependency;
			target = 14209E0723522FE200364EA7 /* LibPass_2.0 */;
			targetProxy = 14209E2823522FE700364EA7 /* PBXContainerItemProxy */;
		};
/* End PBXTargetDependency section */

/* Begin PBXVariantGroup section */
		14209E0F23522FE200364EA7 /* Main.storyboard */ = {
			isa = PBXVariantGroup;
			children = (
				14209E1023522FE200364EA7 /* Base */,
			);
			name = Main.storyboard;
			sourceTree = "<group>";
		};
		14209E1423522FE700364EA7 /* LaunchScreen.storyboard */ = {
			isa = PBXVariantGroup;
			children = (
				14209E1523522FE700364EA7 /* Base */,
			);
			name = LaunchScreen.storyboard;
			sourceTree = "<group>";
		};
/* End PBXVariantGroup section */

/* Begin XCBuildConfiguration section */
		14209E2E23522FE700364EA7 /* Debug */ = {
			isa = XCBuildConfiguration;
			buildSettings = {
				ALWAYS_SEARCH_USER_PATHS = NO;
				CLANG_ANALYZER_NONNULL = YES;
				CLANG_ANALYZER_NUMBER_OBJECT_CONVERSION = YES_AGGRESSIVE;
				CLANG_CXX_LANGUAGE_STANDARD = "gnu++14";
				CLANG_CXX_LIBRARY = "libc++";
				CLANG_ENABLE_MODULES = YES;
				CLANG_ENABLE_OBJC_ARC = YES;
				CLANG_ENABLE_OBJC_WEAK = YES;
				CLANG_WARN_BLOCK_CAPTURE_AUTORELEASING = YES;
				CLANG_WARN_BOOL_CONVERSION = YES;
				CLANG_WARN_COMMA = YES;
				CLANG_WARN_CONSTANT_CONVERSION = YES;
				CLANG_WARN_DEPRECATED_OBJC_IMPLEMENTATIONS = YES;
				CLANG_WARN_DIRECT_OBJC_ISA_USAGE = YES_ERROR;
				CLANG_WARN_DOCUMENTATION_COMMENTS = YES;
				CLANG_WARN_EMPTY_BODY = YES;
				CLANG_WARN_ENUM_CONVERSION = YES;
				CLANG_WARN_INFINITE_RECURSION = YES;
				CLANG_WARN_INT_CONVERSION = YES;
				CLANG_WARN_NON_LITERAL_NULL_CONVERSION = YES;
				CLANG_WARN_OBJC_IMPLICIT_RETAIN_SELF = YES;
				CLANG_WARN_OBJC_LITERAL_CONVERSION = YES;
				CLANG_WARN_OBJC_ROOT_CLASS = YES_ERROR;
				CLANG_WARN_RANGE_LOOP_ANALYSIS = YES;
				CLANG_WARN_STRICT_PROTOTYPES = YES;
				CLANG_WARN_SUSPICIOUS_MOVE = YES;
				CLANG_WARN_UNGUARDED_AVAILABILITY = YES_AGGRESSIVE;
				CLANG_WARN_UNREACHABLE_CODE = YES;
				CLANG_WARN__DUPLICATE_METHOD_MATCH = YES;
				CODE_SIGN_IDENTITY = "iPhone Developer";
				COPY_PHASE_STRIP = NO;
				DEBUG_INFORMATION_FORMAT = dwarf;
				ENABLE_STRICT_OBJC_MSGSEND = YES;
				ENABLE_TESTABILITY = YES;
				GCC_C_LANGUAGE_STANDARD = gnu11;
				GCC_DYNAMIC_NO_PIC = NO;
				GCC_NO_COMMON_BLOCKS = YES;
				GCC_OPTIMIZATION_LEVEL = 0;
				GCC_PREPROCESSOR_DEFINITIONS = (
					"DEBUG=1",
					"$(inherited)",
				);
				GCC_WARN_64_TO_32_BIT_CONVERSION = YES;
				GCC_WARN_ABOUT_RETURN_TYPE = YES_ERROR;
				GCC_WARN_UNDECLARED_SELECTOR = YES;
				GCC_WARN_UNINITIALIZED_AUTOS = YES_AGGRESSIVE;
				GCC_WARN_UNUSED_FUNCTION = YES;
				GCC_WARN_UNUSED_VARIABLE = YES;
				IPHONEOS_DEPLOYMENT_TARGET = 12.4;
				MTL_ENABLE_DEBUG_INFO = INCLUDE_SOURCE;
				MTL_FAST_MATH = YES;
				ONLY_ACTIVE_ARCH = YES;
				SDKROOT = iphoneos;
				SWIFT_ACTIVE_COMPILATION_CONDITIONS = DEBUG;
				SWIFT_OPTIMIZATION_LEVEL = "-Onone";
			};
			name = Debug;
		};
		14209E2F23522FE700364EA7 /* Release */ = {
			isa = XCBuildConfiguration;
			buildSettings = {
				ALWAYS_SEARCH_USER_PATHS = NO;
				CLANG_ANALYZER_NONNULL = YES;
				CLANG_ANALYZER_NUMBER_OBJECT_CONVERSION = YES_AGGRESSIVE;
				CLANG_CXX_LANGUAGE_STANDARD = "gnu++14";
				CLANG_CXX_LIBRARY = "libc++";
				CLANG_ENABLE_MODULES = YES;
				CLANG_ENABLE_OBJC_ARC = YES;
				CLANG_ENABLE_OBJC_WEAK = YES;
				CLANG_WARN_BLOCK_CAPTURE_AUTORELEASING = YES;
				CLANG_WARN_BOOL_CONVERSION = YES;
				CLANG_WARN_COMMA = YES;
				CLANG_WARN_CONSTANT_CONVERSION = YES;
				CLANG_WARN_DEPRECATED_OBJC_IMPLEMENTATIONS = YES;
				CLANG_WARN_DIRECT_OBJC_ISA_USAGE = YES_ERROR;
				CLANG_WARN_DOCUMENTATION_COMMENTS = YES;
				CLANG_WARN_EMPTY_BODY = YES;
				CLANG_WARN_ENUM_CONVERSION = YES;
				CLANG_WARN_INFINITE_RECURSION = YES;
				CLANG_WARN_INT_CONVERSION = YES;
				CLANG_WARN_NON_LITERAL_NULL_CONVERSION = YES;
				CLANG_WARN_OBJC_IMPLICIT_RETAIN_SELF = YES;
				CLANG_WARN_OBJC_LITERAL_CONVERSION = YES;
				CLANG_WARN_OBJC_ROOT_CLASS = YES_ERROR;
				CLANG_WARN_RANGE_LOOP_ANALYSIS = YES;
				CLANG_WARN_STRICT_PROTOTYPES = YES;
				CLANG_WARN_SUSPICIOUS_MOVE = YES;
				CLANG_WARN_UNGUARDED_AVAILABILITY = YES_AGGRESSIVE;
				CLANG_WARN_UNREACHABLE_CODE = YES;
				CLANG_WARN__DUPLICATE_METHOD_MATCH = YES;
				CODE_SIGN_IDENTITY = "iPhone Developer";
				COPY_PHASE_STRIP = NO;
				DEBUG_INFORMATION_FORMAT = "dwarf-with-dsym";
				ENABLE_NS_ASSERTIONS = NO;
				ENABLE_STRICT_OBJC_MSGSEND = YES;
				GCC_C_LANGUAGE_STANDARD = gnu11;
				GCC_NO_COMMON_BLOCKS = YES;
				GCC_WARN_64_TO_32_BIT_CONVERSION = YES;
				GCC_WARN_ABOUT_RETURN_TYPE = YES_ERROR;
				GCC_WARN_UNDECLARED_SELECTOR = YES;
				GCC_WARN_UNINITIALIZED_AUTOS = YES_AGGRESSIVE;
				GCC_WARN_UNUSED_FUNCTION = YES;
				GCC_WARN_UNUSED_VARIABLE = YES;
				IPHONEOS_DEPLOYMENT_TARGET = 12.4;
				MTL_ENABLE_DEBUG_INFO = NO;
				MTL_FAST_MATH = YES;
				SDKROOT = iphoneos;
				SWIFT_COMPILATION_MODE = wholemodule;
				SWIFT_OPTIMIZATION_LEVEL = "-O";
				VALIDATE_PRODUCT = YES;
			};
			name = Release;
		};
		14209E3123522FE700364EA7 /* Debug */ = {
			isa = XCBuildConfiguration;
			baseConfigurationReference = 1E416D8A6F03D1837DA465B5 /* Pods-LibPass_2.0.debug.xcconfig */;
			buildSettings = {
				ASSETCATALOG_COMPILER_APPICON_NAME = AppIcon;
				CODE_SIGN_STYLE = Automatic;
				DEVELOPMENT_TEAM = WD8VB9S8R7;
				INFOPLIST_FILE = LibPass_2.0/Info.plist;
				LD_RUNPATH_SEARCH_PATHS = (
					"$(inherited)",
					"@executable_path/Frameworks",
				);
				PRODUCT_BUNDLE_IDENTIFIER = "YoshitsuguKambara.LibPass-2-0";
				PRODUCT_NAME = "$(TARGET_NAME)";
				SWIFT_VERSION = 5.0;
				TARGETED_DEVICE_FAMILY = "1,2";
			};
			name = Debug;
		};
		14209E3223522FE700364EA7 /* Release */ = {
			isa = XCBuildConfiguration;
			baseConfigurationReference = 184B7F886F26B8EDA5B4F753 /* Pods-LibPass_2.0.release.xcconfig */;
			buildSettings = {
				ASSETCATALOG_COMPILER_APPICON_NAME = AppIcon;
				CODE_SIGN_STYLE = Automatic;
				DEVELOPMENT_TEAM = WD8VB9S8R7;
				INFOPLIST_FILE = LibPass_2.0/Info.plist;
				LD_RUNPATH_SEARCH_PATHS = (
					"$(inherited)",
					"@executable_path/Frameworks",
				);
				PRODUCT_BUNDLE_IDENTIFIER = "YoshitsuguKambara.LibPass-2-0";
				PRODUCT_NAME = "$(TARGET_NAME)";
				SWIFT_VERSION = 5.0;
				TARGETED_DEVICE_FAMILY = "1,2";
			};
			name = Release;
		};
		14209E3423522FE700364EA7 /* Debug */ = {
			isa = XCBuildConfiguration;
			baseConfigurationReference = 69FA738167FCE10450F97C07 /* Pods-LibPass_2.0Tests.debug.xcconfig */;
			buildSettings = {
				ALWAYS_EMBED_SWIFT_STANDARD_LIBRARIES = YES;
				BUNDLE_LOADER = "$(TEST_HOST)";
				CODE_SIGN_STYLE = Automatic;
				DEVELOPMENT_TEAM = WD8VB9S8R7;
				INFOPLIST_FILE = LibPass_2.0Tests/Info.plist;
				LD_RUNPATH_SEARCH_PATHS = (
					"$(inherited)",
					"@executable_path/Frameworks",
					"@loader_path/Frameworks",
				);
				PRODUCT_BUNDLE_IDENTIFIER = "YoshitsuguKambara.LibPass-2-0Tests";
				PRODUCT_NAME = "$(TARGET_NAME)";
				SWIFT_VERSION = 5.0;
				TARGETED_DEVICE_FAMILY = "1,2";
				TEST_HOST = "$(BUILT_PRODUCTS_DIR)/LibPass_2.0.app/LibPass_2.0";
			};
			name = Debug;
		};
		14209E3523522FE700364EA7 /* Release */ = {
			isa = XCBuildConfiguration;
			baseConfigurationReference = CEC7DA87748C2050D2979DD1 /* Pods-LibPass_2.0Tests.release.xcconfig */;
			buildSettings = {
				ALWAYS_EMBED_SWIFT_STANDARD_LIBRARIES = YES;
				BUNDLE_LOADER = "$(TEST_HOST)";
				CODE_SIGN_STYLE = Automatic;
				DEVELOPMENT_TEAM = WD8VB9S8R7;
				INFOPLIST_FILE = LibPass_2.0Tests/Info.plist;
				LD_RUNPATH_SEARCH_PATHS = (
					"$(inherited)",
					"@executable_path/Frameworks",
					"@loader_path/Frameworks",
				);
				PRODUCT_BUNDLE_IDENTIFIER = "YoshitsuguKambara.LibPass-2-0Tests";
				PRODUCT_NAME = "$(TARGET_NAME)";
				SWIFT_VERSION = 5.0;
				TARGETED_DEVICE_FAMILY = "1,2";
				TEST_HOST = "$(BUILT_PRODUCTS_DIR)/LibPass_2.0.app/LibPass_2.0";
			};
			name = Release;
		};
		14209E3723522FE700364EA7 /* Debug */ = {
			isa = XCBuildConfiguration;
			baseConfigurationReference = 6C4115B4C484518F854F8EAE /* Pods-LibPass_2.0UITests.debug.xcconfig */;
			buildSettings = {
				ALWAYS_EMBED_SWIFT_STANDARD_LIBRARIES = YES;
				CODE_SIGN_STYLE = Automatic;
				DEVELOPMENT_TEAM = WD8VB9S8R7;
				INFOPLIST_FILE = LibPass_2.0UITests/Info.plist;
				LD_RUNPATH_SEARCH_PATHS = (
					"$(inherited)",
					"@executable_path/Frameworks",
					"@loader_path/Frameworks",
				);
				PRODUCT_BUNDLE_IDENTIFIER = "YoshitsuguKambara.LibPass-2-0UITests";
				PRODUCT_NAME = "$(TARGET_NAME)";
				SWIFT_VERSION = 5.0;
				TARGETED_DEVICE_FAMILY = "1,2";
				TEST_TARGET_NAME = LibPass_2.0;
			};
			name = Debug;
		};
		14209E3823522FE700364EA7 /* Release */ = {
			isa = XCBuildConfiguration;
			baseConfigurationReference = E84A0F9C6C9D2EFC5988A0E7 /* Pods-LibPass_2.0UITests.release.xcconfig */;
			buildSettings = {
				ALWAYS_EMBED_SWIFT_STANDARD_LIBRARIES = YES;
				CODE_SIGN_STYLE = Automatic;
				DEVELOPMENT_TEAM = WD8VB9S8R7;
				INFOPLIST_FILE = LibPass_2.0UITests/Info.plist;
				LD_RUNPATH_SEARCH_PATHS = (
					"$(inherited)",
					"@executable_path/Frameworks",
					"@loader_path/Frameworks",
				);
				PRODUCT_BUNDLE_IDENTIFIER = "YoshitsuguKambara.LibPass-2-0UITests";
				PRODUCT_NAME = "$(TARGET_NAME)";
				SWIFT_VERSION = 5.0;
				TARGETED_DEVICE_FAMILY = "1,2";
				TEST_TARGET_NAME = LibPass_2.0;
			};
			name = Release;
		};
/* End XCBuildConfiguration section */

/* Begin XCConfigurationList section */
		14209E0323522FE200364EA7 /* Build configuration list for PBXProject "LibPass_2.0" */ = {
			isa = XCConfigurationList;
			buildConfigurations = (
				14209E2E23522FE700364EA7 /* Debug */,
				14209E2F23522FE700364EA7 /* Release */,
			);
			defaultConfigurationIsVisible = 0;
			defaultConfigurationName = Release;
		};
		14209E3023522FE700364EA7 /* Build configuration list for PBXNativeTarget "LibPass_2.0" */ = {
			isa = XCConfigurationList;
			buildConfigurations = (
				14209E3123522FE700364EA7 /* Debug */,
				14209E3223522FE700364EA7 /* Release */,
			);
			defaultConfigurationIsVisible = 0;
			defaultConfigurationName = Release;
		};
		14209E3323522FE700364EA7 /* Build configuration list for PBXNativeTarget "LibPass_2.0Tests" */ = {
			isa = XCConfigurationList;
			buildConfigurations = (
				14209E3423522FE700364EA7 /* Debug */,
				14209E3523522FE700364EA7 /* Release */,
			);
			defaultConfigurationIsVisible = 0;
			defaultConfigurationName = Release;
		};
		14209E3623522FE700364EA7 /* Build configuration list for PBXNativeTarget "LibPass_2.0UITests" */ = {
			isa = XCConfigurationList;
			buildConfigurations = (
				14209E3723522FE700364EA7 /* Debug */,
				14209E3823522FE700364EA7 /* Release */,
			);
			defaultConfigurationIsVisible = 0;
			defaultConfigurationName = Release;
		};
/* End XCConfigurationList section */
	};
	rootObject = 14209E0023522FE200364EA7 /* Project object */;
}
